
Microsoft Visual Studio Solution File, Format Version 12.00
# Visual Studio Version 17
VisualStudioVersion = 17.11.35312.102
MinimumVisualStudioVersion = 10.0.40219.1
Project("{9A19103F-16F7-4668-BE54-9A1E7A4F7556}") = "MovieReservationSystem.Tests", "MovieReservationSystem.Tests\MovieReservationSystem.Tests.csproj", "{094F36BD-2A80-482F-B9AE-0AB6AF25515E}"
EndProject
Project("{9A19103F-16F7-4668-BE54-9A1E7A4F7556}") = "MovieReservationSystem.Domain", "MovieReservationSystem.Domain\MovieReservationSystem.Domain.csproj", "{CAF1C697-B549-4542-AB3D-7E3655EA795C}"
EndProject
Project("{9A19103F-16F7-4668-BE54-9A1E7A4F7556}") = "MovieReservationSystem.UseCases", "MovieReservationSystem.UseCases\MovieReservationSystem.UseCases.csproj", "{7DEA3AAB-D328-4A60-90A3-9749ED678F14}"
EndProject
Project("{FAE04EC0-301F-11D3-BF4B-00C04F79EFBC}") = "MovieReservationSystem.Infrastructure", "MovieReservationSystem.Infrastructure\MovieReservationSystem.Infrastructure.csproj", "{E6B0178F-36E0-4E45-A757-32C6B7B4608E}"
EndProject
Global
	GlobalSection(SolutionConfigurationPlatforms) = preSolution
		Debug|Any CPU = Debug|Any CPU
		Release|Any CPU = Release|Any CPU
	EndGlobalSection
	GlobalSection(ProjectConfigurationPlatforms) = postSolution
		{094F36BD-2A80-482F-B9AE-0AB6AF25515E}.Debug|Any CPU.ActiveCfg = Debug|Any CPU
		{094F36BD-2A80-482F-B9AE-0AB6AF25515E}.Debug|Any CPU.Build.0 = Debug|Any CPU
		{094F36BD-2A80-482F-B9AE-0AB6AF25515E}.Release|Any CPU.ActiveCfg = Release|Any CPU
		{094F36BD-2A80-482F-B9AE-0AB6AF25515E}.Release|Any CPU.Build.0 = Release|Any CPU
		{CAF1C697-B549-4542-AB3D-7E3655EA795C}.Debug|Any CPU.ActiveCfg = Debug|Any CPU
		{CAF1C697-B549-4542-AB3D-7E3655EA795C}.Debug|Any CPU.Build.0 = Debug|Any CPU
		{CAF1C697-B549-4542-AB3D-7E3655EA795C}.Release|Any CPU.ActiveCfg = Release|Any CPU
		{CAF1C697-B549-4542-AB3D-7E3655EA795C}.Release|Any CPU.Build.0 = Release|Any CPU
		{7DEA3AAB-D328-4A60-90A3-9749ED678F14}.Debug|Any CPU.ActiveCfg = Debug|Any CPU
		{7DEA3AAB-D328-4A60-90A3-9749ED678F14}.Debug|Any CPU.Build.0 = Debug|Any CPU
		{7DEA3AAB-D328-4A60-90A3-9749ED678F14}.Release|Any CPU.ActiveCfg = Release|Any CPU
		{7DEA3AAB-D328-4A60-90A3-9749ED678F14}.Release|Any CPU.Build.0 = Release|Any CPU
		{E6B0178F-36E0-4E45-A757-32C6B7B4608E}.Debug|Any CPU.ActiveCfg = Debug|Any CPU
		{E6B0178F-36E0-4E45-A757-32C6B7B4608E}.Debug|Any CPU.Build.0 = Debug|Any CPU
		{E6B0178F-36E0-4E45-A757-32C6B7B4608E}.Release|Any CPU.ActiveCfg = Release|Any CPU
		{E6B0178F-36E0-4E45-A757-32C6B7B4608E}.Release|Any CPU.Build.0 = Release|Any CPU
	EndGlobalSection
	GlobalSection(SolutionProperties) = preSolution
		HideSolutionNode = FALSE
	EndGlobalSection
	GlobalSection(ExtensibilityGlobals) = postSolution
		SolutionGuid = {0B688574-B8D3-43A8-B206-E45AD1D373ED}
	EndGlobalSection
EndGlobal
